
Microsoft Visual Studio Solution File, Format Version 12.00
# Visual Studio Version 17
VisualStudioVersion = 17.4.33122.133
MinimumVisualStudioVersion = 10.0.40219.1
Project("{9A19103F-16F7-4668-BE54-9A1E7A4F7556}") = "MSB.Mvvm", "MSB.Mvvm\MSB.Mvvm.csproj", "{669BA9C9-84FC-4979-825E-0C6880A0E8AF}"
EndProject
Project("{9A19103F-16F7-4668-BE54-9A1E7A4F7556}") = "MSB.UI (Universal Windows)", "MSB.UI (Universal Windows)\MSB.UI (Universal Windows).csproj", "{C02FA384-E2E8-42D2-B528-8400FDF28692}"
EndProject
Project("{9A19103F-16F7-4668-BE54-9A1E7A4F7556}") = "MSB.UI (Windows Presentation)", "MSB.UI (Windows Presentation)\MSB.UI (Windows Presentation).csproj", "{35DE2225-F142-4918-8168-5FB17AFE1871}"
EndProject
Global
	GlobalSection(SolutionConfigurationPlatforms) = preSolution
		Debug|Any CPU = Debug|Any CPU
		Debug|x64 = Debug|x64
		Debug|x86 = Debug|x86
		Release|Any CPU = Release|Any CPU
		Release|x64 = Release|x64
		Release|x86 = Release|x86
	EndGlobalSection
	GlobalSection(ProjectConfigurationPlatforms) = postSolution
		{669BA9C9-84FC-4979-825E-0C6880A0E8AF}.Debug|Any CPU.ActiveCfg = Release|Any CPU
		{669BA9C9-84FC-4979-825E-0C6880A0E8AF}.Debug|Any CPU.Build.0 = Release|Any CPU
		{669BA9C9-84FC-4979-825E-0C6880A0E8AF}.Debug|x64.ActiveCfg = Debug|Any CPU
		{669BA9C9-84FC-4979-825E-0C6880A0E8AF}.Debug|x64.Build.0 = Debug|Any CPU
		{669BA9C9-84FC-4979-825E-0C6880A0E8AF}.Debug|x86.ActiveCfg = Release|Any CPU
		{669BA9C9-84FC-4979-825E-0C6880A0E8AF}.Debug|x86.Build.0 = Release|Any CPU
		{669BA9C9-84FC-4979-825E-0C6880A0E8AF}.Release|Any CPU.ActiveCfg = Release|Any CPU
		{669BA9C9-84FC-4979-825E-0C6880A0E8AF}.Release|Any CPU.Build.0 = Release|Any CPU
		{669BA9C9-84FC-4979-825E-0C6880A0E8AF}.Release|x64.ActiveCfg = Release|Any CPU
		{669BA9C9-84FC-4979-825E-0C6880A0E8AF}.Release|x64.Build.0 = Release|Any CPU
		{669BA9C9-84FC-4979-825E-0C6880A0E8AF}.Release|x86.ActiveCfg = Release|Any CPU
		{669BA9C9-84FC-4979-825E-0C6880A0E8AF}.Release|x86.Build.0 = Release|Any CPU
		{C02FA384-E2E8-42D2-B528-8400FDF28692}.Debug|Any CPU.ActiveCfg = Debug|Any CPU
		{C02FA384-E2E8-42D2-B528-8400FDF28692}.Debug|Any CPU.Build.0 = Debug|Any CPU
		{C02FA384-E2E8-42D2-B528-8400FDF28692}.Debug|x64.ActiveCfg = Debug|Any CPU
		{C02FA384-E2E8-42D2-B528-8400FDF28692}.Debug|x64.Build.0 = Debug|Any CPU
		{C02FA384-E2E8-42D2-B528-8400FDF28692}.Debug|x86.ActiveCfg = Debug|Any CPU
		{C02FA384-E2E8-42D2-B528-8400FDF28692}.Debug|x86.Build.0 = Debug|Any CPU
		{C02FA384-E2E8-42D2-B528-8400FDF28692}.Release|Any CPU.ActiveCfg = Release|Any CPU
		{C02FA384-E2E8-42D2-B528-8400FDF28692}.Release|Any CPU.Build.0 = Release|Any CPU
		{C02FA384-E2E8-42D2-B528-8400FDF28692}.Release|x64.ActiveCfg = Release|Any CPU
		{C02FA384-E2E8-42D2-B528-8400FDF28692}.Release|x64.Build.0 = Release|Any CPU
		{C02FA384-E2E8-42D2-B528-8400FDF28692}.Release|x86.ActiveCfg = Release|Any CPU
		{C02FA384-E2E8-42D2-B528-8400FDF28692}.Release|x86.Build.0 = Release|Any CPU
		{35DE2225-F142-4918-8168-5FB17AFE1871}.Debug|Any CPU.ActiveCfg = Release|Any CPU
		{35DE2225-F142-4918-8168-5FB17AFE1871}.Debug|Any CPU.Build.0 = Release|Any CPU
		{35DE2225-F142-4918-8168-5FB17AFE1871}.Debug|x64.ActiveCfg = Debug|Any CPU
		{35DE2225-F142-4918-8168-5FB17AFE1871}.Debug|x64.Build.0 = Debug|Any CPU
		{35DE2225-F142-4918-8168-5FB17AFE1871}.Debug|x86.ActiveCfg = Release|Any CPU
		{35DE2225-F142-4918-8168-5FB17AFE1871}.Debug|x86.Build.0 = Release|Any CPU
		{35DE2225-F142-4918-8168-5FB17AFE1871}.Release|Any CPU.ActiveCfg = Release|Any CPU
		{35DE2225-F142-4918-8168-5FB17AFE1871}.Release|Any CPU.Build.0 = Release|Any CPU
		{35DE2225-F142-4918-8168-5FB17AFE1871}.Release|x64.ActiveCfg = Release|Any CPU
		{35DE2225-F142-4918-8168-5FB17AFE1871}.Release|x64.Build.0 = Release|Any CPU
		{35DE2225-F142-4918-8168-5FB17AFE1871}.Release|x86.ActiveCfg = Release|Any CPU
		{35DE2225-F142-4918-8168-5FB17AFE1871}.Release|x86.Build.0 = Release|Any CPU
	EndGlobalSection
	GlobalSection(SolutionProperties) = preSolution
		HideSolutionNode = FALSE
	EndGlobalSection
	GlobalSection(ExtensibilityGlobals) = postSolution
		SolutionGuid = {4370C2FD-0871-42F1-B577-FFD8FFDE3D58}
	EndGlobalSection
EndGlobal
